
Microsoft Visual Studio Solution File, Format Version 12.00
# Visual Studio Version 17
VisualStudioVersion = 17.1.32210.238
MinimumVisualStudioVersion = 10.0.40219.1
Project("{FAE04EC0-301F-11D3-BF4B-00C04F79EFBC}") = "Blog_API", "Blog_API\Blog_API.csproj", "{1793AAAB-5075-44DD-9CC9-93A138A9F120}"
EndProject
Global
	GlobalSection(SolutionConfigurationPlatforms) = preSolution
		Debug|Any CPU = Debug|Any CPU
		Release|Any CPU = Release|Any CPU
	EndGlobalSection
	GlobalSection(ProjectConfigurationPlatforms) = postSolution
		{1793AAAB-5075-44DD-9CC9-93A138A9F120}.Debug|Any CPU.ActiveCfg = Debug|Any CPU
		{1793AAAB-5075-44DD-9CC9-93A138A9F120}.Debug|Any CPU.Build.0 = Debug|Any CPU
		{1793AAAB-5075-44DD-9CC9-93A138A9F120}.Release|Any CPU.ActiveCfg = Release|Any CPU
		{1793AAAB-5075-44DD-9CC9-93A138A9F120}.Release|Any CPU.Build.0 = Release|Any CPU
	EndGlobalSection
	GlobalSection(SolutionProperties) = preSolution
		HideSolutionNode = FALSE
	EndGlobalSection
	GlobalSection(ExtensibilityGlobals) = postSolution
		SolutionGuid = {A91B2EB0-F873-4059-BA5E-9F12CD440569}
	EndGlobalSection
EndGlobal
